
Microsoft Visual Studio Solution File, Format Version 12.00
# Visual Studio Version 17
VisualStudioVersion = 17.5.002.0
MinimumVisualStudioVersion = 10.0.40219.1
Project("{9A19103F-16F7-4668-BE54-9A1E7A4F7556}") = "ApiGateway", "ApiGateway\ApiGateway.csproj", "{7302C64B-F595-4603-9C4E-0873FB7474F8}"
EndProject
Project("{9A19103F-16F7-4668-BE54-9A1E7A4F7556}") = "ReservationService", "ReservationService\ReservationService.csproj", "{FE36409A-19E5-43F3-9D51-01EDA231931B}"
EndProject
Project("{9A19103F-16F7-4668-BE54-9A1E7A4F7556}") = "TripService", "TripService\TripService.csproj", "{209E83CC-AC1E-4186-AE60-60D07204F515}"
EndProject
Global
	GlobalSection(SolutionConfigurationPlatforms) = preSolution
		Debug|Any CPU = Debug|Any CPU
		Release|Any CPU = Release|Any CPU
	EndGlobalSection
	GlobalSection(ProjectConfigurationPlatforms) = postSolution
		{7302C64B-F595-4603-9C4E-0873FB7474F8}.Debug|Any CPU.ActiveCfg = Debug|Any CPU
		{7302C64B-F595-4603-9C4E-0873FB7474F8}.Debug|Any CPU.Build.0 = Debug|Any CPU
		{7302C64B-F595-4603-9C4E-0873FB7474F8}.Release|Any CPU.ActiveCfg = Release|Any CPU
		{7302C64B-F595-4603-9C4E-0873FB7474F8}.Release|Any CPU.Build.0 = Release|Any CPU
		{FE36409A-19E5-43F3-9D51-01EDA231931B}.Debug|Any CPU.ActiveCfg = Debug|Any CPU
		{FE36409A-19E5-43F3-9D51-01EDA231931B}.Debug|Any CPU.Build.0 = Debug|Any CPU
		{FE36409A-19E5-43F3-9D51-01EDA231931B}.Release|Any CPU.ActiveCfg = Release|Any CPU
		{FE36409A-19E5-43F3-9D51-01EDA231931B}.Release|Any CPU.Build.0 = Release|Any CPU
		{209E83CC-AC1E-4186-AE60-60D07204F515}.Debug|Any CPU.ActiveCfg = Debug|Any CPU
		{209E83CC-AC1E-4186-AE60-60D07204F515}.Debug|Any CPU.Build.0 = Debug|Any CPU
		{209E83CC-AC1E-4186-AE60-60D07204F515}.Release|Any CPU.ActiveCfg = Release|Any CPU
		{209E83CC-AC1E-4186-AE60-60D07204F515}.Release|Any CPU.Build.0 = Release|Any CPU
	EndGlobalSection
	GlobalSection(SolutionProperties) = preSolution
		HideSolutionNode = FALSE
	EndGlobalSection
	GlobalSection(ExtensibilityGlobals) = postSolution
		SolutionGuid = {B967C9B0-0CA6-4DED-BD42-08A2630B7226}
	EndGlobalSection
EndGlobal
